
Microsoft Visual Studio Solution File, Format Version 12.00
# Visual Studio Version 16
VisualStudioVersion = 16.0.30804.86
MinimumVisualStudioVersion = 10.0.40219.1
Project("{2150E333-8FDC-42A3-9474-1A3956D46DE8}") = "Libraries", "Libraries", "{506CF2AE-B0C9-4FCF-93B0-428930211697}"
EndProject
Project("{2150E333-8FDC-42A3-9474-1A3956D46DE8}") = "Presentations", "Presentations", "{031798A1-2592-4B1D-A389-7FE32B781168}"
EndProject
Project("{FAE04EC0-301F-11D3-BF4B-00C04F79EFBC}") = "Entities", "Libraries\Entities\Entities.csproj", "{C8F32736-1A71-461E-BA50-2BE11943C2D9}"
EndProject
Project("{FAE04EC0-301F-11D3-BF4B-00C04F79EFBC}") = "Business", "Libraries\Business\Business.csproj", "{CA0FCBE8-A2EA-42A8-AC96-E6AA28952949}"
EndProject
Project("{FAE04EC0-301F-11D3-BF4B-00C04F79EFBC}") = "DataAccess", "Libraries\DataAccess\DataAccess.csproj", "{E0B51184-0DC6-4168-B641-29BE1FC29435}"
EndProject
Project("{FAE04EC0-301F-11D3-BF4B-00C04F79EFBC}") = "ConsoleUI", "ConsoleUI\ConsoleUI.csproj", "{31F3CA9C-8EAE-4076-889A-71034E2A3E1E}"
EndProject
Global
	GlobalSection(SolutionConfigurationPlatforms) = preSolution
		Debug|Any CPU = Debug|Any CPU
		Release|Any CPU = Release|Any CPU
	EndGlobalSection
	GlobalSection(ProjectConfigurationPlatforms) = postSolution
		{C8F32736-1A71-461E-BA50-2BE11943C2D9}.Debug|Any CPU.ActiveCfg = Debug|Any CPU
		{C8F32736-1A71-461E-BA50-2BE11943C2D9}.Debug|Any CPU.Build.0 = Debug|Any CPU
		{C8F32736-1A71-461E-BA50-2BE11943C2D9}.Release|Any CPU.ActiveCfg = Release|Any CPU
		{C8F32736-1A71-461E-BA50-2BE11943C2D9}.Release|Any CPU.Build.0 = Release|Any CPU
		{CA0FCBE8-A2EA-42A8-AC96-E6AA28952949}.Debug|Any CPU.ActiveCfg = Debug|Any CPU
		{CA0FCBE8-A2EA-42A8-AC96-E6AA28952949}.Debug|Any CPU.Build.0 = Debug|Any CPU
		{CA0FCBE8-A2EA-42A8-AC96-E6AA28952949}.Release|Any CPU.ActiveCfg = Release|Any CPU
		{CA0FCBE8-A2EA-42A8-AC96-E6AA28952949}.Release|Any CPU.Build.0 = Release|Any CPU
		{E0B51184-0DC6-4168-B641-29BE1FC29435}.Debug|Any CPU.ActiveCfg = Debug|Any CPU
		{E0B51184-0DC6-4168-B641-29BE1FC29435}.Debug|Any CPU.Build.0 = Debug|Any CPU
		{E0B51184-0DC6-4168-B641-29BE1FC29435}.Release|Any CPU.ActiveCfg = Release|Any CPU
		{E0B51184-0DC6-4168-B641-29BE1FC29435}.Release|Any CPU.Build.0 = Release|Any CPU
		{31F3CA9C-8EAE-4076-889A-71034E2A3E1E}.Debug|Any CPU.ActiveCfg = Debug|Any CPU
		{31F3CA9C-8EAE-4076-889A-71034E2A3E1E}.Debug|Any CPU.Build.0 = Debug|Any CPU
		{31F3CA9C-8EAE-4076-889A-71034E2A3E1E}.Release|Any CPU.ActiveCfg = Release|Any CPU
		{31F3CA9C-8EAE-4076-889A-71034E2A3E1E}.Release|Any CPU.Build.0 = Release|Any CPU
	EndGlobalSection
	GlobalSection(SolutionProperties) = preSolution
		HideSolutionNode = FALSE
	EndGlobalSection
	GlobalSection(NestedProjects) = preSolution
		{C8F32736-1A71-461E-BA50-2BE11943C2D9} = {506CF2AE-B0C9-4FCF-93B0-428930211697}
		{CA0FCBE8-A2EA-42A8-AC96-E6AA28952949} = {506CF2AE-B0C9-4FCF-93B0-428930211697}
		{E0B51184-0DC6-4168-B641-29BE1FC29435} = {506CF2AE-B0C9-4FCF-93B0-428930211697}
		{31F3CA9C-8EAE-4076-889A-71034E2A3E1E} = {031798A1-2592-4B1D-A389-7FE32B781168}
	EndGlobalSection
	GlobalSection(ExtensibilityGlobals) = postSolution
		SolutionGuid = {72AA287D-0C24-4424-9FF5-CDFC33E6DC10}
	EndGlobalSection
EndGlobal
